PODS:
  - OMSDK-Oath2 (1.0.0)
  - PlayerControls (1.27)
  - PlayerCore (1.0.2)
  - VerizonVideoPartnerSDK (1.0.0):
    - OMSDK-Oath2 (= 1.0.0)
    - PlayerControls (= 1.27)
    - PlayerCore (= 1.0.2)
    - VideoRenderer (= 1.25)
  - VideoRenderer (1.25)

DEPENDENCIES:
  - VerizonVideoPartnerSDK

SPEC REPOS:
  https://github.com/VerizonAdPlatforms/OneMobileSDK-releases-iOS:
    - OMSDK-Oath2
    - PlayerControls
    - PlayerCore
    - VerizonVideoPartnerSDK
    - VideoRenderer

SPEC CHECKSUMS:
  OMSDK-Oath2: 641f95e29744bba047d4dc03081c3f2340ab338c
  PlayerControls: 54af32ee1fa9da39dcf3bfcc43426c427a5f9049
  PlayerCore: 39322c51d14ba2c706cc66b33d590a4c5be99205
  VerizonVideoPartnerSDK: 40423938b1cd4034e262b020aacd4df181bfbfbf
  VideoRenderer: 9374dc7e0108f21eb1b0c8aa7b2a18a947197164

PODFILE CHECKSUM: 2fc02969718d6bd6e549e66e6fe93d518508af9e

COCOAPODS: 1.5.3
