PODS:
  - OMSDK-Oath2 (1.0.0)
  - PlayerControls (1.30)
  - PlayerCore (1.0.4)
  - VerizonVideoPartnerSDK (1.2.2):
    - OMSDK-Oath2 (= 1.0.0)
    - PlayerControls (= 1.30)
    - PlayerCore (= 1.0.4)
    - VideoRenderer (= 1.26)
  - VideoRenderer (1.26)

DEPENDENCIES:
  - VerizonVideoPartnerSDK

SPEC REPOS:
  https://github.com/VerizonAdPlatforms/VerizonVideoPartnerSDK-releases-iOS:
    - OMSDK-Oath2
    - PlayerControls
    - PlayerCore
    - VerizonVideoPartnerSDK
    - VideoRenderer

SPEC CHECKSUMS:
  OMSDK-Oath2: 641f95e29744bba047d4dc03081c3f2340ab338c
  PlayerControls: caea5a34aa29a1823573eda6c48529c1ace7a529
  PlayerCore: 354444537679ceb7bf3e7a27d3945973fd6edc11
  VerizonVideoPartnerSDK: 51a5112d7048262c887398ad39563a5754531690
  VideoRenderer: 282fb7d8067c0220ae1d7f53706fa3f9134e47fd

PODFILE CHECKSUM: 37cfeb4d6c1e15a6f75c529aaa1bd7a1ebf783b6

COCOAPODS: 1.6.0
